{
  "requires": true,
  "lockfileVersion": 1,
  "dependencies": {
    "konva": {
      "version": "8.1.1",
      "resolved": "https://registry.npmjs.org/konva/-/konva-8.1.1.tgz",
      "integrity": "sha512-2jLijU0N2DNJwBoWzwyxHwqx4GLPjTppSD9TU/G49B2MJ8Sf10E7Y0EmuULjYcNDIFsY+3zMt0VFonKNfyz7WA=="
    }
  }
}
